
Microsoft Visual Studio Solution File, Format Version 12.00
# Visual Studio Version 17
VisualStudioVersion = 17.11.35327.3
MinimumVisualStudioVersion = 10.0.40219.1
Project("{FAE04EC0-301F-11D3-BF4B-00C04F79EFBC}") = "TodoServerApp", "TodoServerApp\TodoServerApp.csproj", "{527E1D13-100D-4088-BA95-389BCF54AB4A}"
EndProject
Global
	GlobalSection(SolutionConfigurationPlatforms) = preSolution
		Debug|Any CPU = Debug|Any CPU
		Release|Any CPU = Release|Any CPU
	EndGlobalSection
	GlobalSection(ProjectConfigurationPlatforms) = postSolution
		{527E1D13-100D-4088-BA95-389BCF54AB4A}.Debug|Any CPU.ActiveCfg = Debug|Any CPU
		{527E1D13-100D-4088-BA95-389BCF54AB4A}.Debug|Any CPU.Build.0 = Debug|Any CPU
		{527E1D13-100D-4088-BA95-389BCF54AB4A}.Release|Any CPU.ActiveCfg = Release|Any CPU
		{527E1D13-100D-4088-BA95-389BCF54AB4A}.Release|Any CPU.Build.0 = Release|Any CPU
	EndGlobalSection
	GlobalSection(SolutionProperties) = preSolution
		HideSolutionNode = FALSE
	EndGlobalSection
	GlobalSection(ExtensibilityGlobals) = postSolution
		SolutionGuid = {EB139AE0-C797-40DC-9561-058602F4A68B}
	EndGlobalSection
EndGlobal
